
Microsoft Visual Studio Solution File, Format Version 12.00
# Visual Studio Version 17
VisualStudioVersion = 17.4.33110.190
MinimumVisualStudioVersion = 10.0.40219.1
Project("{FAE04EC0-301F-11D3-BF4B-00C04F79EFBC}") = "HtmlDataAnalyzer.App", "HtmlDataAnalyzer.App\HtmlDataAnalyzer.App.csproj", "{C954AF68-7B56-4C59-B20D-DEA357A66114}"
EndProject
Project("{FAE04EC0-301F-11D3-BF4B-00C04F79EFBC}") = "HtmlDataAnalyzer.Core", "HtmlDataAnalyzer.Core\HtmlDataAnalyzer.Core.csproj", "{49B041D5-E7E1-45F3-9E39-861CB92C6221}"
EndProject
Project("{FAE04EC0-301F-11D3-BF4B-00C04F79EFBC}") = "HtmlDataAnalyzer.Core.Tests", "HtmlDataAnalyzer.Core.Tests\HtmlDataAnalyzer.Core.Tests.csproj", "{1E10B56A-8376-463A-AD9D-ABC4F05C49F0}"
EndProject
Global
	GlobalSection(SolutionConfigurationPlatforms) = preSolution
		Debug|Any CPU = Debug|Any CPU
		Release|Any CPU = Release|Any CPU
	EndGlobalSection
	GlobalSection(ProjectConfigurationPlatforms) = postSolution
		{C954AF68-7B56-4C59-B20D-DEA357A66114}.Debug|Any CPU.ActiveCfg = Debug|Any CPU
		{C954AF68-7B56-4C59-B20D-DEA357A66114}.Debug|Any CPU.Build.0 = Debug|Any CPU
		{C954AF68-7B56-4C59-B20D-DEA357A66114}.Release|Any CPU.ActiveCfg = Release|Any CPU
		{C954AF68-7B56-4C59-B20D-DEA357A66114}.Release|Any CPU.Build.0 = Release|Any CPU
		{49B041D5-E7E1-45F3-9E39-861CB92C6221}.Debug|Any CPU.ActiveCfg = Debug|Any CPU
		{49B041D5-E7E1-45F3-9E39-861CB92C6221}.Debug|Any CPU.Build.0 = Debug|Any CPU
		{49B041D5-E7E1-45F3-9E39-861CB92C6221}.Release|Any CPU.ActiveCfg = Release|Any CPU
		{49B041D5-E7E1-45F3-9E39-861CB92C6221}.Release|Any CPU.Build.0 = Release|Any CPU
		{1E10B56A-8376-463A-AD9D-ABC4F05C49F0}.Debug|Any CPU.ActiveCfg = Debug|Any CPU
		{1E10B56A-8376-463A-AD9D-ABC4F05C49F0}.Debug|Any CPU.Build.0 = Debug|Any CPU
		{1E10B56A-8376-463A-AD9D-ABC4F05C49F0}.Release|Any CPU.ActiveCfg = Release|Any CPU
		{1E10B56A-8376-463A-AD9D-ABC4F05C49F0}.Release|Any CPU.Build.0 = Release|Any CPU
	EndGlobalSection
	GlobalSection(SolutionProperties) = preSolution
		HideSolutionNode = FALSE
	EndGlobalSection
	GlobalSection(ExtensibilityGlobals) = postSolution
		SolutionGuid = {7A266B28-3083-4C5F-A58A-369C3D30AAB6}
	EndGlobalSection
EndGlobal
